// !$*UTF8*$!
{
	archiveVersion = 1;
	classes = {
	};
	objectVersion = 50;
	objects = {

/* Begin PBXBuildFile section */
		9A924BB22288955400463602 /* AppDelegate.swift in Sources */ = {isa = PBXBuildFile; fileRef = 9A924BB12288955400463602 /* AppDelegate.swift */; };
		9A924BB42288955400463602 /* ViewController.swift in Sources */ = {isa = PBXBuildFile; fileRef = 9A924BB32288955400463602 /* ViewController.swift */; };
		9A924BB72288955400463602 /* Main.storyboard in Resources */ = {isa = PBXBuildFile; fileRef = 9A924BB52288955400463602 /* Main.storyboard */; };
		9A924BB92288955600463602 /* Assets.xcassets in Resources */ = {isa = PBXBuildFile; fileRef = 9A924BB82288955600463602 /* Assets.xcassets */; };
		9A924BBC2288955600463602 /* LaunchScreen.storyboard in Resources */ = {isa = PBXBuildFile; fileRef = 9A924BBA2288955600463602 /* LaunchScreen.storyboard */; };
		9A924BC72288955600463602 /* SpacePicsTests.swift in Sources */ = {isa = PBXBuildFile; fileRef = 9A924BC62288955600463602 /* SpacePicsTests.swift */; };
		9A924BD22288955600463602 /* SpacePicsUITests.swift in Sources */ = {isa = PBXBuildFile; fileRef = 9A924BD12288955600463602 /* SpacePicsUITests.swift */; };
/* End PBXBuildFile section */

/* Begin PBXContainerItemProxy section */
		9A924BC32288955600463602 /* PBXContainerItemProxy */ = {
			isa = PBXContainerItemProxy;
			containerPortal = 9A924BA62288955400463602 /* Project object */;
			proxyType = 1;
			remoteGlobalIDString = 9A924BAD2288955400463602;
			remoteInfo = SpacePics;
		};
		9A924BCE2288955600463602 /* PBXContainerItemProxy */ = {
			isa = PBXContainerItemProxy;
			containerPortal = 9A924BA62288955400463602 /* Project object */;
			proxyType = 1;
			remoteGlobalIDString = 9A924BAD2288955400463602;
			remoteInfo = SpacePics;
		};
/* End PBXContainerItemProxy section */

/* Begin PBXFileReference section */
		9A924BAE2288955400463602 /* SpacePics.app */ = {isa = PBXFileReference; explicitFileType = wrapper.application; includeInIndex = 0; path = SpacePics.app; sourceTree = BUILT_PRODUCTS_DIR; };
		9A924BB12288955400463602 /* AppDelegate.swift */ = {isa = PBXFileReference; lastKnownFileType = sourcecode.swift; path = AppDelegate.swift; sourceTree = "<group>"; };
		9A924BB32288955400463602 /* ViewController.swift */ = {isa = PBXFileReference; lastKnownFileType = sourcecode.swift; path = ViewController.swift; sourceTree = "<group>"; };
		9A924BB62288955400463602 /* Base */ = {isa = PBXFileReference; lastKnownFileType = file.storyboard; name = Base; path = Base.lproj/Main.storyboard; sourceTree = "<group>"; };
		9A924BB82288955600463602 /* Assets.xcassets */ = {isa = PBXFileReference; lastKnownFileType = folder.assetcatalog; path = Assets.xcassets; sourceTree = "<group>"; };
		9A924BBB2288955600463602 /* Base */ = {isa = PBXFileReference; lastKnownFileType = file.storyboard; name = Base; path = Base.lproj/LaunchScreen.storyboard; sourceTree = "<group>"; };
		9A924BBD2288955600463602 /* Info.plist */ = {isa = PBXFileReference; lastKnownFileType = text.plist.xml; path = Info.plist; sourceTree = "<group>"; };
		9A924BC22288955600463602 /* SpacePicsTests.xctest */ = {isa = PBXFileReference; explicitFileType = wrapper.cfbundle; includeInIndex = 0; path = SpacePicsTests.xctest; sourceTree = BUILT_PRODUCTS_DIR; };
		9A924BC62288955600463602 /* SpacePicsTests.swift */ = {isa = PBXFileReference; lastKnownFileType = sourcecode.swift; path = SpacePicsTests.swift; sourceTree = "<group>"; };
		9A924BC82288955600463602 /* Info.plist */ = {isa = PBXFileReference; lastKnownFileType = text.plist.xml; path = Info.plist; sourceTree = "<group>"; };
		9A924BCD2288955600463602 /* SpacePicsUITests.xctest */ = {isa = PBXFileReference; explicitFileType = wrapper.cfbundle; includeInIndex = 0; path = SpacePicsUITests.xctest; sourceTree = BUILT_PRODUCTS_DIR; };
		9A924BD12288955600463602 /* SpacePicsUITests.swift */ = {isa = PBXFileReference; lastKnownFileType = sourcecode.swift; path = SpacePicsUITests.swift; sourceTree = "<group>"; };
		9A924BD32288955600463602 /* Info.plist */ = {isa = PBXFileReference; lastKnownFileType = text.plist.xml; path = Info.plist; sourceTree = "<group>"; };
/* End PBXFileReference section */

/* Begin PBXFrameworksBuildPhase section */
		9A924BAB2288955400463602 /* Frameworks */ = {
			isa = PBXFrameworksBuildPhase;
			buildActionMask = 2147483647;
			files = (
			);
			runOnlyForDeploymentPostprocessing = 0;
		};
		9A924BBF2288955600463602 /* Frameworks */ = {
			isa = PBXFrameworksBuildPhase;
			buildActionMask = 2147483647;
			files = (
			);
			runOnlyForDeploymentPostprocessing = 0;
		};
		9A924BCA2288955600463602 /* Frameworks */ = {
			isa = PBXFrameworksBuildPhase;
			buildActionMask = 2147483647;
			files = (
			);
			runOnlyForDeploymentPostprocessing = 0;
		};
/* End PBXFrameworksBuildPhase section */

/* Begin PBXGroup section */
		9A924BA52288955400463602 = {
			isa = PBXGroup;
			children = (
				9A924BB02288955400463602 /* SpacePics */,
				9A924BC52288955600463602 /* SpacePicsTests */,
				9A924BD02288955600463602 /* SpacePicsUITests */,
				9A924BAF2288955400463602 /* Products */,
			);
			sourceTree = "<group>";
		};
		9A924BAF2288955400463602 /* Products */ = {
			isa = PBXGroup;
			children = (
				9A924BAE2288955400463602 /* SpacePics.app */,
				9A924BC22288955600463602 /* SpacePicsTests.xctest */,
				9A924BCD2288955600463602 /* SpacePicsUITests.xctest */,
			);
			name = Products;
			sourceTree = "<group>";
		};
		9A924BB02288955400463602 /* SpacePics */ = {
			isa = PBXGroup;
			children = (
				9A924BB12288955400463602 /* AppDelegate.swift */,
				9A924BB32288955400463602 /* ViewController.swift */,
				9A924BB52288955400463602 /* Main.storyboard */,
				9A924BB82288955600463602 /* Assets.xcassets */,
				9A924BBA2288955600463602 /* LaunchScreen.storyboard */,
				9A924BBD2288955600463602 /* Info.plist */,
			);
			path = SpacePics;
			sourceTree = "<group>";
		};
		9A924BC52288955600463602 /* SpacePicsTests */ = {
			isa = PBXGroup;
			children = (
				9A924BC62288955600463602 /* SpacePicsTests.swift */,
				9A924BC82288955600463602 /* Info.plist */,
			);
			path = SpacePicsTests;
			sourceTree = "<group>";
		};
		9A924BD02288955600463602 /* SpacePicsUITests */ = {
			isa = PBXGroup;
			children = (
				9A924BD12288955600463602 /* SpacePicsUITests.swift */,
				9A924BD32288955600463602 /* Info.plist */,
			);
			path = SpacePicsUITests;
			sourceTree = "<group>";
		};
/* End PBXGroup section */

/* Begin PBXNativeTarget section */
		9A924BAD2288955400463602 /* SpacePics */ = {
			isa = PBXNativeTarget;
			buildConfigurationList = 9A924BD62288955600463602 /* Build configuration list for PBXNativeTarget "SpacePics" */;
			buildPhases = (
				9A924BAA2288955400463602 /* Sources */,
				9A924BAB2288955400463602 /* Frameworks */,
				9A924BAC2288955400463602 /* Resources */,
			);
			buildRules = (
			);
			dependencies = (
			);
			name = SpacePics;
			productName = SpacePics;
			productReference = 9A924BAE2288955400463602 /* SpacePics.app */;
			productType = "com.apple.product-type.application";
		};
		9A924BC12288955600463602 /* SpacePicsTests */ = {
			isa = PBXNativeTarget;
			buildConfigurationList = 9A924BD92288955600463602 /* Build configuration list for PBXNativeTarget "SpacePicsTests" */;
			buildPhases = (
				9A924BBE2288955600463602 /* Sources */,
				9A924BBF2288955600463602 /* Frameworks */,
				9A924BC02288955600463602 /* Resources */,
			);
			buildRules = (
			);
			dependencies = (
				9A924BC42288955600463602 /* PBXTargetDependency */,
			);
			name = SpacePicsTests;
			productName = SpacePicsTests;
			productReference = 9A924BC22288955600463602 /* SpacePicsTests.xctest */;
			productType = "com.apple.product-type.bundle.unit-test";
		};
		9A924BCC2288955600463602 /* SpacePicsUITests */ = {
			isa = PBXNativeTarget;
			buildConfigurationList = 9A924BDC2288955600463602 /* Build configuration list for PBXNativeTarget "SpacePicsUITests" */;
			buildPhases = (
				9A924BC92288955600463602 /* Sources */,
				9A924BCA2288955600463602 /* Frameworks */,
				9A924BCB2288955600463602 /* Resources */,
			);
			buildRules = (
			);
			dependencies = (
				9A924BCF2288955600463602 /* PBXTargetDependency */,
			);
			name = SpacePicsUITests;
			productName = SpacePicsUITests;
			productReference = 9A924BCD2288955600463602 /* SpacePicsUITests.xctest */;
			productType = "com.apple.product-type.bundle.ui-testing";
		};
/* End PBXNativeTarget section */

/* Begin PBXProject section */
		9A924BA62288955400463602 /* Project object */ = {
			isa = PBXProject;
			attributes = {
				LastSwiftUpdateCheck = 1020;
				LastUpgradeCheck = 1020;
				ORGANIZATIONNAME = rajeev;
				TargetAttributes = {
					9A924BAD2288955400463602 = {
						CreatedOnToolsVersion = 10.2.1;
					};
					9A924BC12288955600463602 = {
						CreatedOnToolsVersion = 10.2.1;
						TestTargetID = 9A924BAD2288955400463602;
					};
					9A924BCC2288955600463602 = {
						CreatedOnToolsVersion = 10.2.1;
						TestTargetID = 9A924BAD2288955400463602;
					};
				};
			};
			buildConfigurationList = 9A924BA92288955400463602 /* Build configuration list for PBXProject "SpacePics" */;
			compatibilityVersion = "Xcode 9.3";
			developmentRegion = en;
			hasScannedForEncodings = 0;
			knownRegions = (
				en,
				Base,
			);
			mainGroup = 9A924BA52288955400463602;
			productRefGroup = 9A924BAF2288955400463602 /* Products */;
			projectDirPath = "";
			projectRoot = "";
			targets = (
				9A924BAD2288955400463602 /* SpacePics */,
				9A924BC12288955600463602 /* SpacePicsTests */,
				9A924BCC2288955600463602 /* SpacePicsUITests */,
			);
		};
/* End PBXProject section */

/* Begin PBXResourcesBuildPhase section */
		9A924BAC2288955400463602 /* Resources */ = {
			isa = PBXResourcesBuildPhase;
			buildActionMask = 2147483647;
			files = (
				9A924BBC2288955600463602 /* LaunchScreen.storyboard in Resources */,
				9A924BB92288955600463602 /* Assets.xcassets in Resources */,
				9A924BB72288955400463602 /* Main.storyboard in Resources */,
			);
			runOnlyForDeploymentPostprocessing = 0;
		};
		9A924BC02288955600463602 /* Resources */ = {
			isa = PBXResourcesBuildPhase;
			buildActionMask = 2147483647;
			files = (
			);
			runOnlyForDeploymentPostprocessing = 0;
		};
		9A924BCB2288955600463602 /* Resources */ = {
			isa = PBXResourcesBuildPhase;
			buildActionMask = 2147483647;
			files = (
			);
			runOnlyForDeploymentPostprocessing = 0;
		};
/* End PBXResourcesBuildPhase section */

/* Begin PBXSourcesBuildPhase section */
		9A924BAA2288955400463602 /* Sources */ = {
			isa = PBXSourcesBuildPhase;
			buildActionMask = 2147483647;
			files = (
				9A924BB42288955400463602 /* ViewController.swift in Sources */,
				9A924BB22288955400463602 /* AppDelegate.swift in Sources */,
			);
			runOnlyForDeploymentPostprocessing = 0;
		};
		9A924BBE2288955600463602 /* Sources */ = {
			isa = PBXSourcesBuildPhase;
			buildActionMask = 2147483647;
			files = (
				9A924BC72288955600463602 /* SpacePicsTests.swift in Sources */,
			);
			runOnlyForDeploymentPostprocessing = 0;
		};
		9A924BC92288955600463602 /* Sources */ = {
			isa = PBXSourcesBuildPhase;
			buildActionMask = 2147483647;
			files = (
				9A924BD22288955600463602 /* SpacePicsUITests.swift in Sources */,
			);
			runOnlyForDeploymentPostprocessing = 0;
		};
/* End PBXSourcesBuildPhase section */

/* Begin PBXTargetDependency section */
		9A924BC42288955600463602 /* PBXTargetDependency */ = {
			isa = PBXTargetDependency;
			target = 9A924BAD2288955400463602 /* SpacePics */;
			targetProxy = 9A924BC32288955600463602 /* PBXContainerItemProxy */;
		};
		9A924BCF2288955600463602 /* PBXTargetDependency */ = {
			isa = PBXTargetDependency;
			target = 9A924BAD2288955400463602 /* SpacePics */;
			targetProxy = 9A924BCE2288955600463602 /* PBXContainerItemProxy */;
		};
/* End PBXTargetDependency section */

/* Begin PBXVariantGroup section */
		9A924BB52288955400463602 /* Main.storyboard */ = {
			isa = PBXVariantGroup;
			children = (
				9A924BB62288955400463602 /* Base */,
			);
			name = Main.storyboard;
			sourceTree = "<group>";
		};
		9A924BBA2288955600463602 /* LaunchScreen.storyboard */ = {
			isa = PBXVariantGroup;
			children = (
				9A924BBB2288955600463602 /* Base */,
			);
			name = LaunchScreen.storyboard;
			sourceTree = "<group>";
		};
/* End PBXVariantGroup section */

/* Begin XCBuildConfiguration section */
		9A924BD42288955600463602 /* Debug */ = {
			isa = XCBuildConfiguration;
			buildSettings = {
				ALWAYS_SEARCH_USER_PATHS = NO;
				CLANG_ANALYZER_NONNULL = YES;
				CLANG_ANALYZER_NUMBER_OBJECT_CONVERSION = YES_AGGRESSIVE;
				CLANG_CXX_LANGUAGE_STANDARD = "gnu++14";
				CLANG_CXX_LIBRARY = "libc++";
				CLANG_ENABLE_MODULES = YES;
				CLANG_ENABLE_OBJC_ARC = YES;
				CLANG_ENABLE_OBJC_WEAK = YES;
				CLANG_WARN_BLOCK_CAPTURE_AUTORELEASING = YES;
				CLANG_WARN_BOOL_CONVERSION = YES;
				CLANG_WARN_COMMA = YES;
				CLANG_WARN_CONSTANT_CONVERSION = YES;
				CLANG_WARN_DEPRECATED_OBJC_IMPLEMENTATIONS = YES;
				CLANG_WARN_DIRECT_OBJC_ISA_USAGE = YES_ERROR;
				CLANG_WARN_DOCUMENTATION_COMMENTS = YES;
				CLANG_WARN_EMPTY_BODY = YES;
				CLANG_WARN_ENUM_CONVERSION = YES;
				CLANG_WARN_INFINITE_RECURSION = YES;
				CLANG_WARN_INT_CONVERSION = YES;
				CLANG_WARN_NON_LITERAL_NULL_CONVERSION = YES;
				CLANG_WARN_OBJC_IMPLICIT_RETAIN_SELF = YES;
				CLANG_WARN_OBJC_LITERAL_CONVERSION = YES;
				CLANG_WARN_OBJC_ROOT_CLASS = YES_ERROR;
				CLANG_WARN_RANGE_LOOP_ANALYSIS = YES;
				CLANG_WARN_STRICT_PROTOTYPES = YES;
				CLANG_WARN_SUSPICIOUS_MOVE = YES;
				CLANG_WARN_UNGUARDED_AVAILABILITY = YES_AGGRESSIVE;
				CLANG_WARN_UNREACHABLE_CODE = YES;
				CLANG_WARN__DUPLICATE_METHOD_MATCH = YES;
				CODE_SIGN_IDENTITY = "iPhone Developer";
				COPY_PHASE_STRIP = NO;
				DEBUG_INFORMATION_FORMAT = dwarf;
				ENABLE_STRICT_OBJC_MSGSEND = YES;
				ENABLE_TESTABILITY = YES;
				GCC_C_LANGUAGE_STANDARD = gnu11;
				GCC_DYNAMIC_NO_PIC = NO;
				GCC_NO_COMMON_BLOCKS = YES;
				GCC_OPTIMIZATION_LEVEL = 0;
				GCC_PREPROCESSOR_DEFINITIONS = (
					"DEBUG=1",
					"$(inherited)",
				);
				GCC_WARN_64_TO_32_BIT_CONVERSION = YES;
				GCC_WARN_ABOUT_RETURN_TYPE = YES_ERROR;
				GCC_WARN_UNDECLARED_SELECTOR = YES;
				GCC_WARN_UNINITIALIZED_AUTOS = YES_AGGRESSIVE;
				GCC_WARN_UNUSED_FUNCTION = YES;
				GCC_WARN_UNUSED_VARIABLE = YES;
				IPHONEOS_DEPLOYMENT_TARGET = 12.2;
				MTL_ENABLE_DEBUG_INFO = INCLUDE_SOURCE;
				MTL_FAST_MATH = YES;
				ONLY_ACTIVE_ARCH = YES;
				SDKROOT = iphoneos;
				SWIFT_ACTIVE_COMPILATION_CONDITIONS = DEBUG;
				SWIFT_OPTIMIZATION_LEVEL = "-Onone";
			};
			name = Debug;
		};
		9A924BD52288955600463602 /* Release */ = {
			isa = XCBuildConfiguration;
			buildSettings = {
				ALWAYS_SEARCH_USER_PATHS = NO;
				CLANG_ANALYZER_NONNULL = YES;
				CLANG_ANALYZER_NUMBER_OBJECT_CONVERSION = YES_AGGRESSIVE;
				CLANG_CXX_LANGUAGE_STANDARD = "gnu++14";
				CLANG_CXX_LIBRARY = "libc++";
				CLANG_ENABLE_MODULES = YES;
				CLANG_ENABLE_OBJC_ARC = YES;
				CLANG_ENABLE_OBJC_WEAK = YES;
				CLANG_WARN_BLOCK_CAPTURE_AUTORELEASING = YES;
				CLANG_WARN_BOOL_CONVERSION = YES;
				CLANG_WARN_COMMA = YES;
				CLANG_WARN_CONSTANT_CONVERSION = YES;
				CLANG_WARN_DEPRECATED_OBJC_IMPLEMENTATIONS = YES;
				CLANG_WARN_DIRECT_OBJC_ISA_USAGE = YES_ERROR;
				CLANG_WARN_DOCUMENTATION_COMMENTS = YES;
				CLANG_WARN_EMPTY_BODY = YES;
				CLANG_WARN_ENUM_CONVERSION = YES;
				CLANG_WARN_INFINITE_RECURSION = YES;
				CLANG_WARN_INT_CONVERSION = YES;
				CLANG_WARN_NON_LITERAL_NULL_CONVERSION = YES;
				CLANG_WARN_OBJC_IMPLICIT_RETAIN_SELF = YES;
				CLANG_WARN_OBJC_LITERAL_CONVERSION = YES;
				CLANG_WARN_OBJC_ROOT_CLASS = YES_ERROR;
				CLANG_WARN_RANGE_LOOP_ANALYSIS = YES;
				CLANG_WARN_STRICT_PROTOTYPES = YES;
				CLANG_WARN_SUSPICIOUS_MOVE = YES;
				CLANG_WARN_UNGUARDED_AVAILABILITY = YES_AGGRESSIVE;
				CLANG_WARN_UNREACHABLE_CODE = YES;
				CLANG_WARN__DUPLICATE_METHOD_MATCH = YES;
				CODE_SIGN_IDENTITY = "iPhone Developer";
				COPY_PHASE_STRIP = NO;
				DEBUG_INFORMATION_FORMAT = "dwarf-with-dsym";
				ENABLE_NS_ASSERTIONS = NO;
				ENABLE_STRICT_OBJC_MSGSEND = YES;
				GCC_C_LANGUAGE_STANDARD = gnu11;
				GCC_NO_COMMON_BLOCKS = YES;
				GCC_WARN_64_TO_32_BIT_CONVERSION = YES;
				GCC_WARN_ABOUT_RETURN_TYPE = YES_ERROR;
				GCC_WARN_UNDECLARED_SELECTOR = YES;
				GCC_WARN_UNINITIALIZED_AUTOS = YES_AGGRESSIVE;
				GCC_WARN_UNUSED_FUNCTION = YES;
				GCC_WARN_UNUSED_VARIABLE = YES;
				IPHONEOS_DEPLOYMENT_TARGET = 12.2;
				MTL_ENABLE_DEBUG_INFO = NO;
				MTL_FAST_MATH = YES;
				SDKROOT = iphoneos;
				SWIFT_COMPILATION_MODE = wholemodule;
				SWIFT_OPTIMIZATION_LEVEL = "-O";
				VALIDATE_PRODUCT = YES;
			};
			name = Release;
		};
		9A924BD72288955600463602 /* Debug */ = {
			isa = XCBuildConfiguration;
			buildSettings = {
				ASSETCATALOG_COMPILER_APPICON_NAME = AppIcon;
				CODE_SIGN_STYLE = Automatic;
				DEVELOPMENT_TEAM = 6C9HBUFBC4;
				INFOPLIST_FILE = SpacePics/Info.plist;
				LD_RUNPATH_SEARCH_PATHS = (
					"$(inherited)",
					"@executable_path/Frameworks",
				);
				PRODUCT_BUNDLE_IDENTIFIER = com.rajeev.SpacePics;
				PRODUCT_NAME = "$(TARGET_NAME)";
				SWIFT_VERSION = 5.0;
				TARGETED_DEVICE_FAMILY = "1,2";
			};
			name = Debug;
		};
		9A924BD82288955600463602 /* Release */ = {
			isa = XCBuildConfiguration;
			buildSettings = {
				ASSETCATALOG_COMPILER_APPICON_NAME = AppIcon;
				CODE_SIGN_STYLE = Automatic;
				DEVELOPMENT_TEAM = 6C9HBUFBC4;
				INFOPLIST_FILE = SpacePics/Info.plist;
				LD_RUNPATH_SEARCH_PATHS = (
					"$(inherited)",
					"@executable_path/Frameworks",
				);
				PRODUCT_BUNDLE_IDENTIFIER = com.rajeev.SpacePics;
				PRODUCT_NAME = "$(TARGET_NAME)";
				SWIFT_VERSION = 5.0;
				TARGETED_DEVICE_FAMILY = "1,2";
			};
			name = Release;
		};
		9A924BDA2288955600463602 /* Debug */ = {
			isa = XCBuildConfiguration;
			buildSettings = {
				ALWAYS_EMBED_SWIFT_STANDARD_LIBRARIES = YES;
				BUNDLE_LOADER = "$(TEST_HOST)";
				CODE_SIGN_STYLE = Automatic;
				INFOPLIST_FILE = SpacePicsTests/Info.plist;
				LD_RUNPATH_SEARCH_PATHS = (
					"$(inherited)",
					"@executable_path/Frameworks",
					"@loader_path/Frameworks",
				);
				PRODUCT_BUNDLE_IDENTIFIER = com.rajeev.SpacePicsTests;
				PRODUCT_NAME = "$(TARGET_NAME)";
				SWIFT_VERSION = 5.0;
				TARGETED_DEVICE_FAMILY = "1,2";
				TEST_HOST = "$(BUILT_PRODUCTS_DIR)/SpacePics.app/SpacePics";
			};
			name = Debug;
		};
		9A924BDB2288955600463602 /* Release */ = {
			isa = XCBuildConfiguration;
			buildSettings = {
				ALWAYS_EMBED_SWIFT_STANDARD_LIBRARIES = YES;
				BUNDLE_LOADER = "$(TEST_HOST)";
				CODE_SIGN_STYLE = Automatic;
				INFOPLIST_FILE = SpacePicsTests/Info.plist;
				LD_RUNPATH_SEARCH_PATHS = (
					"$(inherited)",
					"@executable_path/Frameworks",
					"@loader_path/Frameworks",
				);
				PRODUCT_BUNDLE_IDENTIFIER = com.rajeev.SpacePicsTests;
				PRODUCT_NAME = "$(TARGET_NAME)";
				SWIFT_VERSION = 5.0;
				TARGETED_DEVICE_FAMILY = "1,2";
				TEST_HOST = "$(BUILT_PRODUCTS_DIR)/SpacePics.app/SpacePics";
			};
			name = Release;
		};
		9A924BDD2288955600463602 /* Debug */ = {
			isa = XCBuildConfiguration;
			buildSettings = {
				ALWAYS_EMBED_SWIFT_STANDARD_LIBRARIES = YES;
				CODE_SIGN_STYLE = Automatic;
				INFOPLIST_FILE = SpacePicsUITests/Info.plist;
				LD_RUNPATH_SEARCH_PATHS = (
					"$(inherited)",
					"@executable_path/Frameworks",
					"@loader_path/Frameworks",
				);
				PRODUCT_BUNDLE_IDENTIFIER = com.rajeev.SpacePicsUITests;
				PRODUCT_NAME = "$(TARGET_NAME)";
				SWIFT_VERSION = 5.0;
				TARGETED_DEVICE_FAMILY = "1,2";
				TEST_TARGET_NAME = SpacePics;
			};
			name = Debug;
		};
		9A924BDE2288955600463602 /* Release */ = {
			isa = XCBuildConfiguration;
			buildSettings = {
				ALWAYS_EMBED_SWIFT_STANDARD_LIBRARIES = YES;
				CODE_SIGN_STYLE = Automatic;
				INFOPLIST_FILE = SpacePicsUITests/Info.plist;
				LD_RUNPATH_SEARCH_PATHS = (
					"$(inherited)",
					"@executable_path/Frameworks",
					"@loader_path/Frameworks",
				);
				PRODUCT_BUNDLE_IDENTIFIER = com.rajeev.SpacePicsUITests;
				PRODUCT_NAME = "$(TARGET_NAME)";
				SWIFT_VERSION = 5.0;
				TARGETED_DEVICE_FAMILY = "1,2";
				TEST_TARGET_NAME = SpacePics;
			};
			name = Release;
		};
/* End XCBuildConfiguration section */

/* Begin XCConfigurationList section */
		9A924BA92288955400463602 /* Build configuration list for PBXProject "SpacePics" */ = {
			isa = XCConfigurationList;
			buildConfigurations = (
				9A924BD42288955600463602 /* Debug */,
				9A924BD52288955600463602 /* Release */,
			);
			defaultConfigurationIsVisible = 0;
			defaultConfigurationName = Release;
		};
		9A924BD62288955600463602 /* Build configuration list for PBXNativeTarget "SpacePics" */ = {
			isa = XCConfigurationList;
			buildConfigurations = (
				9A924BD72288955600463602 /* Debug */,
				9A924BD82288955600463602 /* Release */,
			);
			defaultConfigurationIsVisible = 0;
			defaultConfigurationName = Release;
		};
		9A924BD92288955600463602 /* Build configuration list for PBXNativeTarget "SpacePicsTests" */ = {
			isa = XCConfigurationList;
			buildConfigurations = (
				9A924BDA2288955600463602 /* Debug */,
				9A924BDB2288955600463602 /* Release */,
			);
			defaultConfigurationIsVisible = 0;
			defaultConfigurationName = Release;
		};
		9A924BDC2288955600463602 /* Build configuration list for PBXNativeTarget "SpacePicsUITests" */ = {
			isa = XCConfigurationList;
			buildConfigurations = (
				9A924BDD2288955600463602 /* Debug */,
				9A924BDE2288955600463602 /* Release */,
			);
			defaultConfigurationIsVisible = 0;
			defaultConfigurationName = Release;
		};
/* End XCConfigurationList section */
	};
	rootObject = 9A924BA62288955400463602 /* Project object */;
}
